
Microsoft Visual Studio Solution File, Format Version 12.00
# Visual Studio Version 16
VisualStudioVersion = 16.0.30225.117
MinimumVisualStudioVersion = 10.0.40219.1
Project("{FAE04EC0-301F-11D3-BF4B-00C04F79EFBC}") = "Delta", "Delta.csproj", "{40342DB5-A2D0-45BC-8195-F0B3D33AE626}"
EndProject
Project("{FAE04EC0-301F-11D3-BF4B-00C04F79EFBC}") = "Delta.Tests", "..\Delta.Tests\Delta.Tests.csproj", "{98D833F5-0395-411B-BB1F-26BF1DF1130C}"
EndProject
Global
	GlobalSection(SolutionConfigurationPlatforms) = preSolution
		Debug|Any CPU = Debug|Any CPU
		Release|Any CPU = Release|Any CPU
	EndGlobalSection
	GlobalSection(ProjectConfigurationPlatforms) = postSolution
		{40342DB5-A2D0-45BC-8195-F0B3D33AE626}.Debug|Any CPU.ActiveCfg = Debug|Any CPU
		{40342DB5-A2D0-45BC-8195-F0B3D33AE626}.Debug|Any CPU.Build.0 = Debug|Any CPU
		{40342DB5-A2D0-45BC-8195-F0B3D33AE626}.Release|Any CPU.ActiveCfg = Release|Any CPU
		{40342DB5-A2D0-45BC-8195-F0B3D33AE626}.Release|Any CPU.Build.0 = Release|Any CPU
		{98D833F5-0395-411B-BB1F-26BF1DF1130C}.Debug|Any CPU.ActiveCfg = Debug|Any CPU
		{98D833F5-0395-411B-BB1F-26BF1DF1130C}.Debug|Any CPU.Build.0 = Debug|Any CPU
		{98D833F5-0395-411B-BB1F-26BF1DF1130C}.Release|Any CPU.ActiveCfg = Release|Any CPU
		{98D833F5-0395-411B-BB1F-26BF1DF1130C}.Release|Any CPU.Build.0 = Release|Any CPU
	EndGlobalSection
	GlobalSection(SolutionProperties) = preSolution
		HideSolutionNode = FALSE
	EndGlobalSection
	GlobalSection(ExtensibilityGlobals) = postSolution
		SolutionGuid = {04F6B259-0EE4-4549-84C1-71A7B91FB31E}
	EndGlobalSection
EndGlobal
